
Microsoft Visual Studio Solution File, Format Version 12.00
# Visual Studio 14
VisualStudioVersion = 14.0.25420.1
MinimumVisualStudioVersion = 10.0.40219.1
Project("{FAE04EC0-301F-11D3-BF4B-00C04F79EFBC}") = "BindingValidate", "BindingValidate\BindingValidate.csproj", "{7DA323B3-0C28-49D0-BE42-479748258B7A}"
EndProject
Project("{FAE04EC0-301F-11D3-BF4B-00C04F79EFBC}") = "testImage", "testImage\testImage.csproj", "{7CB6A1D3-81AC-44FA-9A25-65ADA095F19F}"
EndProject
Project("{FAE04EC0-301F-11D3-BF4B-00C04F79EFBC}") = "TestOpacity", "TestOpacity\TestOpacity.csproj", "{64ED300D-C50A-43AF-B463-0143F99FA37E}"
EndProject
Project("{FAE04EC0-301F-11D3-BF4B-00C04F79EFBC}") = "testGeometry", "testGeometry\testGeometry.csproj", "{325D6180-99EB-4B77-9F16-500C601AA5B4}"
EndProject
Global
	GlobalSection(SolutionConfigurationPlatforms) = preSolution
		Debug|Any CPU = Debug|Any CPU
		Release|Any CPU = Release|Any CPU
	EndGlobalSection
	GlobalSection(ProjectConfigurationPlatforms) = postSolution
		{7DA323B3-0C28-49D0-BE42-479748258B7A}.Debug|Any CPU.ActiveCfg = Debug|Any CPU
		{7DA323B3-0C28-49D0-BE42-479748258B7A}.Debug|Any CPU.Build.0 = Debug|Any CPU
		{7DA323B3-0C28-49D0-BE42-479748258B7A}.Release|Any CPU.ActiveCfg = Release|Any CPU
		{7DA323B3-0C28-49D0-BE42-479748258B7A}.Release|Any CPU.Build.0 = Release|Any CPU
		{7CB6A1D3-81AC-44FA-9A25-65ADA095F19F}.Debug|Any CPU.ActiveCfg = Debug|Any CPU
		{7CB6A1D3-81AC-44FA-9A25-65ADA095F19F}.Debug|Any CPU.Build.0 = Debug|Any CPU
		{7CB6A1D3-81AC-44FA-9A25-65ADA095F19F}.Release|Any CPU.ActiveCfg = Release|Any CPU
		{7CB6A1D3-81AC-44FA-9A25-65ADA095F19F}.Release|Any CPU.Build.0 = Release|Any CPU
		{64ED300D-C50A-43AF-B463-0143F99FA37E}.Debug|Any CPU.ActiveCfg = Debug|Any CPU
		{64ED300D-C50A-43AF-B463-0143F99FA37E}.Debug|Any CPU.Build.0 = Debug|Any CPU
		{64ED300D-C50A-43AF-B463-0143F99FA37E}.Release|Any CPU.ActiveCfg = Release|Any CPU
		{64ED300D-C50A-43AF-B463-0143F99FA37E}.Release|Any CPU.Build.0 = Release|Any CPU
		{325D6180-99EB-4B77-9F16-500C601AA5B4}.Debug|Any CPU.ActiveCfg = Debug|Any CPU
		{325D6180-99EB-4B77-9F16-500C601AA5B4}.Debug|Any CPU.Build.0 = Debug|Any CPU
		{325D6180-99EB-4B77-9F16-500C601AA5B4}.Release|Any CPU.ActiveCfg = Release|Any CPU
		{325D6180-99EB-4B77-9F16-500C601AA5B4}.Release|Any CPU.Build.0 = Release|Any CPU
	EndGlobalSection
	GlobalSection(SolutionProperties) = preSolution
		HideSolutionNode = FALSE
	EndGlobalSection
EndGlobal
